
Microsoft Visual Studio Solution File, Format Version 12.00
# Visual Studio 15
VisualStudioVersion = 15.0.26430.16
MinimumVisualStudioVersion = 10.0.40219.1
Project("{FAE04EC0-301F-11D3-BF4B-00C04F79EFBC}") = "RequestifyTF2Core", "RequestifyTF2\RequestifyTF2Core.csproj", "{6A852064-D79A-457E-ADC8-F6A3D34E51E2}"
EndProject
Project("{FAE04EC0-301F-11D3-BF4B-00C04F79EFBC}") = "RequestifyTF2", "RequestifyTF2Forms\RequestifyTF2.csproj", "{131E76E7-D939-4FC0-A6A6-11AF2E85E4B2}"
EndProject
Project("{2150E333-8FDC-42A3-9474-1A3956D46DE8}") = "Plugins", "Plugins", "{47E9D8D7-D3BD-4F5C-89D2-D0ED8E0A127E}"
EndProject
Project("{2150E333-8FDC-42A3-9474-1A3956D46DE8}") = "Core", "Core", "{69F8F613-7ED6-4DF0-A68F-EC0B825F31D2}"
EndProject
Project("{2150E333-8FDC-42A3-9474-1A3956D46DE8}") = "Gui", "Gui", "{FF1C25BB-E0CE-41E6-91E4-6093D2D039D3}"
EndProject
Project("{FAE04EC0-301F-11D3-BF4B-00C04F79EFBC}") = "MTTSPlugin", "MTTSPlugin\MTTSPlugin.csproj", "{D6620AC3-8679-4BA4-87A6-6619EBA4090D}"
EndProject
Project("{FAE04EC0-301F-11D3-BF4B-00C04F79EFBC}") = "RequestPlugin", "RequestPlugin\RequestPlugin.csproj", "{AE92C1CB-BD89-4A2C-8650-FF70F08D9794}"
EndProject
Project("{FAE04EC0-301F-11D3-BF4B-00C04F79EFBC}") = "TTSPlugin", "TTSPlugin\TTSPlugin.csproj", "{5C383BCB-52E5-4D6F-BB86-A8BEB86F43AF}"
EndProject
Global
	GlobalSection(SolutionConfigurationPlatforms) = preSolution
		Debug|Any CPU = Debug|Any CPU
		Debug|x86 = Debug|x86
		Release|Any CPU = Release|Any CPU
		Release|x86 = Release|x86
	EndGlobalSection
	GlobalSection(ProjectConfigurationPlatforms) = postSolution
		{6A852064-D79A-457E-ADC8-F6A3D34E51E2}.Debug|Any CPU.ActiveCfg = Debug|Any CPU
		{6A852064-D79A-457E-ADC8-F6A3D34E51E2}.Debug|Any CPU.Build.0 = Debug|Any CPU
		{6A852064-D79A-457E-ADC8-F6A3D34E51E2}.Debug|x86.ActiveCfg = Debug|x86
		{6A852064-D79A-457E-ADC8-F6A3D34E51E2}.Debug|x86.Build.0 = Debug|x86
		{6A852064-D79A-457E-ADC8-F6A3D34E51E2}.Release|Any CPU.ActiveCfg = Release|Any CPU
		{6A852064-D79A-457E-ADC8-F6A3D34E51E2}.Release|Any CPU.Build.0 = Release|Any CPU
		{6A852064-D79A-457E-ADC8-F6A3D34E51E2}.Release|x86.ActiveCfg = Release|x86
		{6A852064-D79A-457E-ADC8-F6A3D34E51E2}.Release|x86.Build.0 = Release|x86
		{131E76E7-D939-4FC0-A6A6-11AF2E85E4B2}.Debug|Any CPU.ActiveCfg = Debug|Any CPU
		{131E76E7-D939-4FC0-A6A6-11AF2E85E4B2}.Debug|Any CPU.Build.0 = Debug|Any CPU
		{131E76E7-D939-4FC0-A6A6-11AF2E85E4B2}.Debug|x86.ActiveCfg = Debug|Any CPU
		{131E76E7-D939-4FC0-A6A6-11AF2E85E4B2}.Debug|x86.Build.0 = Debug|Any CPU
		{131E76E7-D939-4FC0-A6A6-11AF2E85E4B2}.Release|Any CPU.ActiveCfg = Release|Any CPU
		{131E76E7-D939-4FC0-A6A6-11AF2E85E4B2}.Release|Any CPU.Build.0 = Release|Any CPU
		{131E76E7-D939-4FC0-A6A6-11AF2E85E4B2}.Release|x86.ActiveCfg = Release|Any CPU
		{131E76E7-D939-4FC0-A6A6-11AF2E85E4B2}.Release|x86.Build.0 = Release|Any CPU
		{D6620AC3-8679-4BA4-87A6-6619EBA4090D}.Debug|Any CPU.ActiveCfg = Debug|Any CPU
		{D6620AC3-8679-4BA4-87A6-6619EBA4090D}.Debug|Any CPU.Build.0 = Debug|Any CPU
		{D6620AC3-8679-4BA4-87A6-6619EBA4090D}.Debug|x86.ActiveCfg = Debug|Any CPU
		{D6620AC3-8679-4BA4-87A6-6619EBA4090D}.Debug|x86.Build.0 = Debug|Any CPU
		{D6620AC3-8679-4BA4-87A6-6619EBA4090D}.Release|Any CPU.ActiveCfg = Release|Any CPU
		{D6620AC3-8679-4BA4-87A6-6619EBA4090D}.Release|Any CPU.Build.0 = Release|Any CPU
		{D6620AC3-8679-4BA4-87A6-6619EBA4090D}.Release|x86.ActiveCfg = Release|Any CPU
		{D6620AC3-8679-4BA4-87A6-6619EBA4090D}.Release|x86.Build.0 = Release|Any CPU
		{AE92C1CB-BD89-4A2C-8650-FF70F08D9794}.Debug|Any CPU.ActiveCfg = Debug|Any CPU
		{AE92C1CB-BD89-4A2C-8650-FF70F08D9794}.Debug|Any CPU.Build.0 = Debug|Any CPU
		{AE92C1CB-BD89-4A2C-8650-FF70F08D9794}.Debug|x86.ActiveCfg = Debug|Any CPU
		{AE92C1CB-BD89-4A2C-8650-FF70F08D9794}.Debug|x86.Build.0 = Debug|Any CPU
		{AE92C1CB-BD89-4A2C-8650-FF70F08D9794}.Release|Any CPU.ActiveCfg = Release|Any CPU
		{AE92C1CB-BD89-4A2C-8650-FF70F08D9794}.Release|Any CPU.Build.0 = Release|Any CPU
		{AE92C1CB-BD89-4A2C-8650-FF70F08D9794}.Release|x86.ActiveCfg = Release|Any CPU
		{AE92C1CB-BD89-4A2C-8650-FF70F08D9794}.Release|x86.Build.0 = Release|Any CPU
		{5C383BCB-52E5-4D6F-BB86-A8BEB86F43AF}.Debug|Any CPU.ActiveCfg = Debug|Any CPU
		{5C383BCB-52E5-4D6F-BB86-A8BEB86F43AF}.Debug|Any CPU.Build.0 = Debug|Any CPU
		{5C383BCB-52E5-4D6F-BB86-A8BEB86F43AF}.Debug|x86.ActiveCfg = Debug|Any CPU
		{5C383BCB-52E5-4D6F-BB86-A8BEB86F43AF}.Debug|x86.Build.0 = Debug|Any CPU
		{5C383BCB-52E5-4D6F-BB86-A8BEB86F43AF}.Release|Any CPU.ActiveCfg = Release|Any CPU
		{5C383BCB-52E5-4D6F-BB86-A8BEB86F43AF}.Release|Any CPU.Build.0 = Release|Any CPU
		{5C383BCB-52E5-4D6F-BB86-A8BEB86F43AF}.Release|x86.ActiveCfg = Release|Any CPU
		{5C383BCB-52E5-4D6F-BB86-A8BEB86F43AF}.Release|x86.Build.0 = Release|Any CPU
	EndGlobalSection
	GlobalSection(SolutionProperties) = preSolution
		HideSolutionNode = FALSE
	EndGlobalSection
	GlobalSection(NestedProjects) = preSolution
		{6A852064-D79A-457E-ADC8-F6A3D34E51E2} = {69F8F613-7ED6-4DF0-A68F-EC0B825F31D2}
		{131E76E7-D939-4FC0-A6A6-11AF2E85E4B2} = {FF1C25BB-E0CE-41E6-91E4-6093D2D039D3}
		{D6620AC3-8679-4BA4-87A6-6619EBA4090D} = {47E9D8D7-D3BD-4F5C-89D2-D0ED8E0A127E}
		{AE92C1CB-BD89-4A2C-8650-FF70F08D9794} = {47E9D8D7-D3BD-4F5C-89D2-D0ED8E0A127E}
		{5C383BCB-52E5-4D6F-BB86-A8BEB86F43AF} = {47E9D8D7-D3BD-4F5C-89D2-D0ED8E0A127E}
	EndGlobalSection
EndGlobal
