
Microsoft Visual Studio Solution File, Format Version 12.00
# Visual Studio 14
VisualStudioVersion = 14.0.25420.1
MinimumVisualStudioVersion = 10.0.40219.1
Project("{FAE04EC0-301F-11D3-BF4B-00C04F79EFBC}") = "MLGTTSPlugin", "Plugins\MTTSPlugin\MLGTTSPlugin.csproj", "{D6620AC3-8679-4BA4-87A6-6619EBA4090D}"
EndProject
Project("{FAE04EC0-301F-11D3-BF4B-00C04F79EFBC}") = "MusicRequestPlugin", "Plugins\RequestPlugin\MusicRequestPlugin.csproj", "{AE92C1CB-BD89-4A2C-8650-FF70F08D9794}"
EndProject
Project("{FAE04EC0-301F-11D3-BF4B-00C04F79EFBC}") = "GoogleTTSPlugin", "Plugins\TTSPlugin\GoogleTTSPlugin.csproj", "{5C383BCB-52E5-4D6F-BB86-A8BEB86F43AF}"
EndProject
Project("{2150E333-8FDC-42A3-9474-1A3956D46DE8}") = "Core", "Core", "{051B47FE-0BE7-49B7-8478-AE221DA531D3}"
EndProject
Project("{2150E333-8FDC-42A3-9474-1A3956D46DE8}") = "Gui", "Gui", "{E4407950-C97B-4FE7-A76C-FE45911C45DE}"
EndProject
Project("{2150E333-8FDC-42A3-9474-1A3956D46DE8}") = "Plugins", "Plugins", "{2AABA088-6C61-435B-8E66-AB155563F078}"
EndProject
Project("{FAE04EC0-301F-11D3-BF4B-00C04F79EFBC}") = "RequestifyTF2", "Core\RequestifyTF2\RequestifyTF2.csproj", "{6A852064-D79A-457E-ADC8-F6A3D34E51E2}"
EndProject
Project("{FAE04EC0-301F-11D3-BF4B-00C04F79EFBC}") = "RequestifyTF2GUI", "GUI\RequestifyTF2GUI\RequestifyTF2GUI.csproj", "{131E76E7-D939-4FC0-A6A6-11AF2E85E4B2}"
EndProject
Project("{FAE04EC0-301F-11D3-BF4B-00C04F79EFBC}") = "GrandTTS", "Plugins\GrandTTS\GrandTTS.csproj", "{10B2E841-9E33-471C-8EF5-24DC824BADFA}"
EndProject
Project("{FAE04EC0-301F-11D3-BF4B-00C04F79EFBC}") = "RequesifyCLI", "CLI\RequesifyCLI\RequesifyCLI.csproj", "{43CBC27B-FDFF-429A-97A6-E248F2C924DB}"
EndProject
Project("{2150E333-8FDC-42A3-9474-1A3956D46DE8}") = "CLI", "CLI", "{FD07AD36-E410-41AB-92D2-6E7AA6242873}"
EndProject
Project("{FAE04EC0-301F-11D3-BF4B-00C04F79EFBC}") = "RequestifyTests", "Tests\RequestifyTests\RequestifyTests.csproj", "{F15325C8-BB6B-46D1-8F0B-10CCDE71E9C5}"
EndProject
Project("{FAE04EC0-301F-11D3-BF4B-00C04F79EFBC}") = "OofPlugin", "Plugins\OofPlugin\OofPlugin.csproj", "{5819E718-7A43-4D44-8899-50EF414CF4A7}"
EndProject
Global
	GlobalSection(SolutionConfigurationPlatforms) = preSolution
		Debug|Any CPU = Debug|Any CPU
		Debug|x86 = Debug|x86
		Release|Any CPU = Release|Any CPU
		Release|x86 = Release|x86
	EndGlobalSection
	GlobalSection(ProjectConfigurationPlatforms) = postSolution
		{D6620AC3-8679-4BA4-87A6-6619EBA4090D}.Debug|Any CPU.ActiveCfg = Debug|Any CPU
		{D6620AC3-8679-4BA4-87A6-6619EBA4090D}.Debug|Any CPU.Build.0 = Debug|Any CPU
		{D6620AC3-8679-4BA4-87A6-6619EBA4090D}.Debug|x86.ActiveCfg = Debug|Any CPU
		{D6620AC3-8679-4BA4-87A6-6619EBA4090D}.Debug|x86.Build.0 = Debug|Any CPU
		{D6620AC3-8679-4BA4-87A6-6619EBA4090D}.Release|Any CPU.ActiveCfg = Release|Any CPU
		{D6620AC3-8679-4BA4-87A6-6619EBA4090D}.Release|Any CPU.Build.0 = Release|Any CPU
		{D6620AC3-8679-4BA4-87A6-6619EBA4090D}.Release|x86.ActiveCfg = Release|Any CPU
		{D6620AC3-8679-4BA4-87A6-6619EBA4090D}.Release|x86.Build.0 = Release|Any CPU
		{AE92C1CB-BD89-4A2C-8650-FF70F08D9794}.Debug|Any CPU.ActiveCfg = Debug|Any CPU
		{AE92C1CB-BD89-4A2C-8650-FF70F08D9794}.Debug|Any CPU.Build.0 = Debug|Any CPU
		{AE92C1CB-BD89-4A2C-8650-FF70F08D9794}.Debug|x86.ActiveCfg = Debug|Any CPU
		{AE92C1CB-BD89-4A2C-8650-FF70F08D9794}.Debug|x86.Build.0 = Debug|Any CPU
		{AE92C1CB-BD89-4A2C-8650-FF70F08D9794}.Release|Any CPU.ActiveCfg = Release|Any CPU
		{AE92C1CB-BD89-4A2C-8650-FF70F08D9794}.Release|Any CPU.Build.0 = Release|Any CPU
		{AE92C1CB-BD89-4A2C-8650-FF70F08D9794}.Release|Any CPU.Deploy.0 = Release|Any CPU
		{AE92C1CB-BD89-4A2C-8650-FF70F08D9794}.Release|x86.ActiveCfg = Release|Any CPU
		{AE92C1CB-BD89-4A2C-8650-FF70F08D9794}.Release|x86.Build.0 = Release|Any CPU
		{5C383BCB-52E5-4D6F-BB86-A8BEB86F43AF}.Debug|Any CPU.ActiveCfg = Debug|Any CPU
		{5C383BCB-52E5-4D6F-BB86-A8BEB86F43AF}.Debug|Any CPU.Build.0 = Debug|Any CPU
		{5C383BCB-52E5-4D6F-BB86-A8BEB86F43AF}.Debug|x86.ActiveCfg = Debug|Any CPU
		{5C383BCB-52E5-4D6F-BB86-A8BEB86F43AF}.Debug|x86.Build.0 = Debug|Any CPU
		{5C383BCB-52E5-4D6F-BB86-A8BEB86F43AF}.Release|Any CPU.ActiveCfg = Release|Any CPU
		{5C383BCB-52E5-4D6F-BB86-A8BEB86F43AF}.Release|Any CPU.Build.0 = Release|Any CPU
		{5C383BCB-52E5-4D6F-BB86-A8BEB86F43AF}.Release|x86.ActiveCfg = Release|Any CPU
		{5C383BCB-52E5-4D6F-BB86-A8BEB86F43AF}.Release|x86.Build.0 = Release|Any CPU
		{6A852064-D79A-457E-ADC8-F6A3D34E51E2}.Debug|Any CPU.ActiveCfg = Debug|Any CPU
		{6A852064-D79A-457E-ADC8-F6A3D34E51E2}.Debug|Any CPU.Build.0 = Debug|Any CPU
		{6A852064-D79A-457E-ADC8-F6A3D34E51E2}.Debug|x86.ActiveCfg = Debug|x86
		{6A852064-D79A-457E-ADC8-F6A3D34E51E2}.Debug|x86.Build.0 = Debug|x86
		{6A852064-D79A-457E-ADC8-F6A3D34E51E2}.Release|Any CPU.ActiveCfg = Release|Any CPU
		{6A852064-D79A-457E-ADC8-F6A3D34E51E2}.Release|Any CPU.Build.0 = Release|Any CPU
		{6A852064-D79A-457E-ADC8-F6A3D34E51E2}.Release|x86.ActiveCfg = Release|x86
		{6A852064-D79A-457E-ADC8-F6A3D34E51E2}.Release|x86.Build.0 = Release|x86
		{131E76E7-D939-4FC0-A6A6-11AF2E85E4B2}.Debug|Any CPU.ActiveCfg = Debug|Any CPU
		{131E76E7-D939-4FC0-A6A6-11AF2E85E4B2}.Debug|Any CPU.Build.0 = Debug|Any CPU
		{131E76E7-D939-4FC0-A6A6-11AF2E85E4B2}.Debug|x86.ActiveCfg = Debug|Any CPU
		{131E76E7-D939-4FC0-A6A6-11AF2E85E4B2}.Debug|x86.Build.0 = Debug|Any CPU
		{131E76E7-D939-4FC0-A6A6-11AF2E85E4B2}.Release|Any CPU.ActiveCfg = Release|Any CPU
		{131E76E7-D939-4FC0-A6A6-11AF2E85E4B2}.Release|Any CPU.Build.0 = Release|Any CPU
		{131E76E7-D939-4FC0-A6A6-11AF2E85E4B2}.Release|x86.ActiveCfg = Release|Any CPU
		{131E76E7-D939-4FC0-A6A6-11AF2E85E4B2}.Release|x86.Build.0 = Release|Any CPU
		{10B2E841-9E33-471C-8EF5-24DC824BADFA}.Debug|Any CPU.ActiveCfg = Debug|Any CPU
		{10B2E841-9E33-471C-8EF5-24DC824BADFA}.Debug|Any CPU.Build.0 = Debug|Any CPU
		{10B2E841-9E33-471C-8EF5-24DC824BADFA}.Debug|x86.ActiveCfg = Debug|Any CPU
		{10B2E841-9E33-471C-8EF5-24DC824BADFA}.Debug|x86.Build.0 = Debug|Any CPU
		{10B2E841-9E33-471C-8EF5-24DC824BADFA}.Release|Any CPU.ActiveCfg = Release|Any CPU
		{10B2E841-9E33-471C-8EF5-24DC824BADFA}.Release|Any CPU.Build.0 = Release|Any CPU
		{10B2E841-9E33-471C-8EF5-24DC824BADFA}.Release|x86.ActiveCfg = Release|Any CPU
		{10B2E841-9E33-471C-8EF5-24DC824BADFA}.Release|x86.Build.0 = Release|Any CPU
		{43CBC27B-FDFF-429A-97A6-E248F2C924DB}.Debug|Any CPU.ActiveCfg = Debug|Any CPU
		{43CBC27B-FDFF-429A-97A6-E248F2C924DB}.Debug|Any CPU.Build.0 = Debug|Any CPU
		{43CBC27B-FDFF-429A-97A6-E248F2C924DB}.Debug|x86.ActiveCfg = Debug|Any CPU
		{43CBC27B-FDFF-429A-97A6-E248F2C924DB}.Debug|x86.Build.0 = Debug|Any CPU
		{43CBC27B-FDFF-429A-97A6-E248F2C924DB}.Release|Any CPU.ActiveCfg = Release|Any CPU
		{43CBC27B-FDFF-429A-97A6-E248F2C924DB}.Release|Any CPU.Build.0 = Release|Any CPU
		{43CBC27B-FDFF-429A-97A6-E248F2C924DB}.Release|x86.ActiveCfg = Release|Any CPU
		{43CBC27B-FDFF-429A-97A6-E248F2C924DB}.Release|x86.Build.0 = Release|Any CPU
		{F15325C8-BB6B-46D1-8F0B-10CCDE71E9C5}.Debug|Any CPU.ActiveCfg = Debug|Any CPU
		{F15325C8-BB6B-46D1-8F0B-10CCDE71E9C5}.Debug|Any CPU.Build.0 = Debug|Any CPU
		{F15325C8-BB6B-46D1-8F0B-10CCDE71E9C5}.Debug|x86.ActiveCfg = Debug|Any CPU
		{F15325C8-BB6B-46D1-8F0B-10CCDE71E9C5}.Debug|x86.Build.0 = Debug|Any CPU
		{F15325C8-BB6B-46D1-8F0B-10CCDE71E9C5}.Release|Any CPU.ActiveCfg = Release|Any CPU
		{F15325C8-BB6B-46D1-8F0B-10CCDE71E9C5}.Release|Any CPU.Build.0 = Release|Any CPU
		{F15325C8-BB6B-46D1-8F0B-10CCDE71E9C5}.Release|x86.ActiveCfg = Release|Any CPU
		{F15325C8-BB6B-46D1-8F0B-10CCDE71E9C5}.Release|x86.Build.0 = Release|Any CPU
		{5819E718-7A43-4D44-8899-50EF414CF4A7}.Debug|Any CPU.ActiveCfg = Debug|Any CPU
		{5819E718-7A43-4D44-8899-50EF414CF4A7}.Debug|Any CPU.Build.0 = Debug|Any CPU
		{5819E718-7A43-4D44-8899-50EF414CF4A7}.Debug|x86.ActiveCfg = Debug|Any CPU
		{5819E718-7A43-4D44-8899-50EF414CF4A7}.Debug|x86.Build.0 = Debug|Any CPU
		{5819E718-7A43-4D44-8899-50EF414CF4A7}.Release|Any CPU.ActiveCfg = Release|Any CPU
		{5819E718-7A43-4D44-8899-50EF414CF4A7}.Release|Any CPU.Build.0 = Release|Any CPU
		{5819E718-7A43-4D44-8899-50EF414CF4A7}.Release|x86.ActiveCfg = Release|Any CPU
		{5819E718-7A43-4D44-8899-50EF414CF4A7}.Release|x86.Build.0 = Release|Any CPU
	EndGlobalSection
	GlobalSection(SolutionProperties) = preSolution
		HideSolutionNode = FALSE
	EndGlobalSection
	GlobalSection(NestedProjects) = preSolution
		{D6620AC3-8679-4BA4-87A6-6619EBA4090D} = {2AABA088-6C61-435B-8E66-AB155563F078}
		{AE92C1CB-BD89-4A2C-8650-FF70F08D9794} = {2AABA088-6C61-435B-8E66-AB155563F078}
		{5C383BCB-52E5-4D6F-BB86-A8BEB86F43AF} = {2AABA088-6C61-435B-8E66-AB155563F078}
		{6A852064-D79A-457E-ADC8-F6A3D34E51E2} = {051B47FE-0BE7-49B7-8478-AE221DA531D3}
		{131E76E7-D939-4FC0-A6A6-11AF2E85E4B2} = {E4407950-C97B-4FE7-A76C-FE45911C45DE}
		{10B2E841-9E33-471C-8EF5-24DC824BADFA} = {2AABA088-6C61-435B-8E66-AB155563F078}
		{43CBC27B-FDFF-429A-97A6-E248F2C924DB} = {FD07AD36-E410-41AB-92D2-6E7AA6242873}
		{5819E718-7A43-4D44-8899-50EF414CF4A7} = {2AABA088-6C61-435B-8E66-AB155563F078}
	EndGlobalSection
	GlobalSection(ExtensibilityGlobals) = postSolution
		SolutionGuid = {BC249C04-B158-4593-88AB-E3369D00230A}
	EndGlobalSection
EndGlobal
